// !$*UTF8*$!
{
	archiveVersion = 1;
	classes = {
	};
	objectVersion = 50;
	objects = {

/* Begin PBXBuildFile section */
		187576C9268E625900281469 /* AppDelegate.swift in Sources */ = {isa = PBXBuildFile; fileRef = 187576C8268E625900281469 /* AppDelegate.swift */; };
		187576CB268E625900281469 /* SceneDelegate.swift in Sources */ = {isa = PBXBuildFile; fileRef = 187576CA268E625900281469 /* SceneDelegate.swift */; };
		187576D0268E625900281469 /* Main.storyboard in Resources */ = {isa = PBXBuildFile; fileRef = 187576CE268E625900281469 /* Main.storyboard */; };
		187576D2268E625D00281469 /* Assets.xcassets in Resources */ = {isa = PBXBuildFile; fileRef = 187576D1268E625D00281469 /* Assets.xcassets */; };
		187576D5268E625D00281469 /* LaunchScreen.storyboard in Resources */ = {isa = PBXBuildFile; fileRef = 187576D3268E625D00281469 /* LaunchScreen.storyboard */; };
		187576DF268E632100281469 /* ImageCollectionViewCell.swift in Sources */ = {isa = PBXBuildFile; fileRef = 187576DE268E632100281469 /* ImageCollectionViewCell.swift */; };
		18BF97C72690D72B002888AC /* SelectOptionViewController.swift in Sources */ = {isa = PBXBuildFile; fileRef = 18BF97C62690D72B002888AC /* SelectOptionViewController.swift */; };
		18BF97CA2690D92F002888AC /* ResultViewController.swift in Sources */ = {isa = PBXBuildFile; fileRef = 18BF97C92690D92F002888AC /* ResultViewController.swift */; };
		18BF9825269229F9002888AC /* ViewController.swift in Sources */ = {isa = PBXBuildFile; fileRef = 18BF9824269229F8002888AC /* ViewController.swift */; };
/* End PBXBuildFile section */

/* Begin PBXFileReference section */
		187576C5268E625900281469 /* MemoryGameApp.app */ = {isa = PBXFileReference; explicitFileType = wrapper.application; includeInIndex = 0; path = MemoryGameApp.app; sourceTree = BUILT_PRODUCTS_DIR; };
		187576C8268E625900281469 /* AppDelegate.swift */ = {isa = PBXFileReference; lastKnownFileType = sourcecode.swift; path = AppDelegate.swift; sourceTree = "<group>"; };
		187576CA268E625900281469 /* SceneDelegate.swift */ = {isa = PBXFileReference; lastKnownFileType = sourcecode.swift; path = SceneDelegate.swift; sourceTree = "<group>"; };
		187576CF268E625900281469 /* Base */ = {isa = PBXFileReference; lastKnownFileType = file.storyboard; name = Base; path = Base.lproj/Main.storyboard; sourceTree = "<group>"; };
		187576D1268E625D00281469 /* Assets.xcassets */ = {isa = PBXFileReference; lastKnownFileType = folder.assetcatalog; path = Assets.xcassets; sourceTree = "<group>"; };
		187576D4268E625D00281469 /* Base */ = {isa = PBXFileReference; lastKnownFileType = file.storyboard; name = Base; path = Base.lproj/LaunchScreen.storyboard; sourceTree = "<group>"; };
		187576D6268E625D00281469 /* Info.plist */ = {isa = PBXFileReference; lastKnownFileType = text.plist.xml; path = Info.plist; sourceTree = "<group>"; };
		187576DE268E632100281469 /* ImageCollectionViewCell.swift */ = {isa = PBXFileReference; lastKnownFileType = sourcecode.swift; path = ImageCollectionViewCell.swift; sourceTree = "<group>"; };
		18BF97C62690D72B002888AC /* SelectOptionViewController.swift */ = {isa = PBXFileReference; lastKnownFileType = sourcecode.swift; path = SelectOptionViewController.swift; sourceTree = "<group>"; };
		18BF97C92690D92F002888AC /* ResultViewController.swift */ = {isa = PBXFileReference; lastKnownFileType = sourcecode.swift; path = ResultViewController.swift; sourceTree = "<group>"; };
		18BF9824269229F8002888AC /* ViewController.swift */ = {isa = PBXFileReference; fileEncoding = 4; lastKnownFileType = sourcecode.swift; path = ViewController.swift; sourceTree = "<group>"; };
/* End PBXFileReference section */

/* Begin PBXFrameworksBuildPhase section */
		187576C2268E625900281469 /* Frameworks */ = {
			isa = PBXFrameworksBuildPhase;
			buildActionMask = 2147483647;
			files = (
			);
			runOnlyForDeploymentPostprocessing = 0;
		};
/* End PBXFrameworksBuildPhase section */

/* Begin PBXGroup section */
		187576BC268E625900281469 = {
			isa = PBXGroup;
			children = (
				187576C7268E625900281469 /* MemoryGameApp */,
				187576C6268E625900281469 /* Products */,
			);
			sourceTree = "<group>";
		};
		187576C6268E625900281469 /* Products */ = {
			isa = PBXGroup;
			children = (
				187576C5268E625900281469 /* MemoryGameApp.app */,
			);
			name = Products;
			sourceTree = "<group>";
		};
		187576C7268E625900281469 /* MemoryGameApp */ = {
			isa = PBXGroup;
			children = (
				18BF981C26922936002888AC /* Views */,
				18BF981B2692292A002888AC /* Controllers */,
				187576C8268E625900281469 /* AppDelegate.swift */,
				187576CA268E625900281469 /* SceneDelegate.swift */,
				187576CE268E625900281469 /* Main.storyboard */,
				187576D1268E625D00281469 /* Assets.xcassets */,
				187576D3268E625D00281469 /* LaunchScreen.storyboard */,
				187576D6268E625D00281469 /* Info.plist */,
			);
			path = MemoryGameApp;
			sourceTree = "<group>";
		};
		18BF981B2692292A002888AC /* Controllers */ = {
			isa = PBXGroup;
			children = (
				18BF9824269229F8002888AC /* ViewController.swift */,
				18BF97C62690D72B002888AC /* SelectOptionViewController.swift */,
				18BF97C92690D92F002888AC /* ResultViewController.swift */,
			);
			path = Controllers;
			sourceTree = "<group>";
		};
		18BF981C26922936002888AC /* Views */ = {
			isa = PBXGroup;
			children = (
				187576DE268E632100281469 /* ImageCollectionViewCell.swift */,
			);
			path = Views;
			sourceTree = "<group>";
		};
/* End PBXGroup section */

/* Begin PBXNativeTarget section */
		187576C4268E625900281469 /* MemoryGameApp */ = {
			isa = PBXNativeTarget;
			buildConfigurationList = 187576D9268E625D00281469 /* Build configuration list for PBXNativeTarget "MemoryGameApp" */;
			buildPhases = (
				187576C1268E625900281469 /* Sources */,
				187576C2268E625900281469 /* Frameworks */,
				187576C3268E625900281469 /* Resources */,
			);
			buildRules = (
			);
			dependencies = (
			);
			name = MemoryGameApp;
			productName = MemoryGameApp;
			productReference = 187576C5268E625900281469 /* MemoryGameApp.app */;
			productType = "com.apple.product-type.application";
		};
/* End PBXNativeTarget section */

/* Begin PBXProject section */
		187576BD268E625900281469 /* Project object */ = {
			isa = PBXProject;
			attributes = {
				LastSwiftUpdateCheck = 1210;
				LastUpgradeCheck = 1210;
				TargetAttributes = {
					187576C4268E625900281469 = {
						CreatedOnToolsVersion = 12.1;
					};
				};
			};
			buildConfigurationList = 187576C0268E625900281469 /* Build configuration list for PBXProject "MemoryGameApp" */;
			compatibilityVersion = "Xcode 9.3";
			developmentRegion = en;
			hasScannedForEncodings = 0;
			knownRegions = (
				en,
				Base,
			);
			mainGroup = 187576BC268E625900281469;
			productRefGroup = 187576C6268E625900281469 /* Products */;
			projectDirPath = "";
			projectRoot = "";
			targets = (
				187576C4268E625900281469 /* MemoryGameApp */,
			);
		};
/* End PBXProject section */

/* Begin PBXResourcesBuildPhase section */
		187576C3268E625900281469 /* Resources */ = {
			isa = PBXResourcesBuildPhase;
			buildActionMask = 2147483647;
			files = (
				187576D5268E625D00281469 /* LaunchScreen.storyboard in Resources */,
				187576D2268E625D00281469 /* Assets.xcassets in Resources */,
				187576D0268E625900281469 /* Main.storyboard in Resources */,
			);
			runOnlyForDeploymentPostprocessing = 0;
		};
/* End PBXResourcesBuildPhase section */

/* Begin PBXSourcesBuildPhase section */
		187576C1268E625900281469 /* Sources */ = {
			isa = PBXSourcesBuildPhase;
			buildActionMask = 2147483647;
			files = (
				18BF9825269229F9002888AC /* ViewController.swift in Sources */,
				18BF97C72690D72B002888AC /* SelectOptionViewController.swift in Sources */,
				187576C9268E625900281469 /* AppDelegate.swift in Sources */,
				187576DF268E632100281469 /* ImageCollectionViewCell.swift in Sources */,
				187576CB268E625900281469 /* SceneDelegate.swift in Sources */,
				18BF97CA2690D92F002888AC /* ResultViewController.swift in Sources */,
			);
			runOnlyForDeploymentPostprocessing = 0;
		};
/* End PBXSourcesBuildPhase section */

/* Begin PBXVariantGroup section */
		187576CE268E625900281469 /* Main.storyboard */ = {
			isa = PBXVariantGroup;
			children = (
				187576CF268E625900281469 /* Base */,
			);
			name = Main.storyboard;
			sourceTree = "<group>";
		};
		187576D3268E625D00281469 /* LaunchScreen.storyboard */ = {
			isa = PBXVariantGroup;
			children = (
				187576D4268E625D00281469 /* Base */,
			);
			name = LaunchScreen.storyboard;
			sourceTree = "<group>";
		};
/* End PBXVariantGroup section */

/* Begin XCBuildConfiguration section */
		187576D7268E625D00281469 /* Debug */ = {
			isa = XCBuildConfiguration;
			buildSettings = {
				ALWAYS_SEARCH_USER_PATHS = NO;
				CLANG_ANALYZER_NONNULL = YES;
				CLANG_ANALYZER_NUMBER_OBJECT_CONVERSION = YES_AGGRESSIVE;
				CLANG_CXX_LANGUAGE_STANDARD = "gnu++14";
				CLANG_CXX_LIBRARY = "libc++";
				CLANG_ENABLE_MODULES = YES;
				CLANG_ENABLE_OBJC_ARC = YES;
				CLANG_ENABLE_OBJC_WEAK = YES;
				CLANG_WARN_BLOCK_CAPTURE_AUTORELEASING = YES;
				CLANG_WARN_BOOL_CONVERSION = YES;
				CLANG_WARN_COMMA = YES;
				CLANG_WARN_CONSTANT_CONVERSION = YES;
				CLANG_WARN_DEPRECATED_OBJC_IMPLEMENTATIONS = YES;
				CLANG_WARN_DIRECT_OBJC_ISA_USAGE = YES_ERROR;
				CLANG_WARN_DOCUMENTATION_COMMENTS = YES;
				CLANG_WARN_EMPTY_BODY = YES;
				CLANG_WARN_ENUM_CONVERSION = YES;
				CLANG_WARN_INFINITE_RECURSION = YES;
				CLANG_WARN_INT_CONVERSION = YES;
				CLANG_WARN_NON_LITERAL_NULL_CONVERSION = YES;
				CLANG_WARN_OBJC_IMPLICIT_RETAIN_SELF = YES;
				CLANG_WARN_OBJC_LITERAL_CONVERSION = YES;
				CLANG_WARN_OBJC_ROOT_CLASS = YES_ERROR;
				CLANG_WARN_QUOTED_INCLUDE_IN_FRAMEWORK_HEADER = YES;
				CLANG_WARN_RANGE_LOOP_ANALYSIS = YES;
				CLANG_WARN_STRICT_PROTOTYPES = YES;
				CLANG_WARN_SUSPICIOUS_MOVE = YES;
				CLANG_WARN_UNGUARDED_AVAILABILITY = YES_AGGRESSIVE;
				CLANG_WARN_UNREACHABLE_CODE = YES;
				CLANG_WARN__DUPLICATE_METHOD_MATCH = YES;
				COPY_PHASE_STRIP = NO;
				DEBUG_INFORMATION_FORMAT = dwarf;
				ENABLE_STRICT_OBJC_MSGSEND = YES;
				ENABLE_TESTABILITY = YES;
				GCC_C_LANGUAGE_STANDARD = gnu11;
				GCC_DYNAMIC_NO_PIC = NO;
				GCC_NO_COMMON_BLOCKS = YES;
				GCC_OPTIMIZATION_LEVEL = 0;
				GCC_PREPROCESSOR_DEFINITIONS = (
					"DEBUG=1",
					"$(inherited)",
				);
				GCC_WARN_64_TO_32_BIT_CONVERSION = YES;
				GCC_WARN_ABOUT_RETURN_TYPE = YES_ERROR;
				GCC_WARN_UNDECLARED_SELECTOR = YES;
				GCC_WARN_UNINITIALIZED_AUTOS = YES_AGGRESSIVE;
				GCC_WARN_UNUSED_FUNCTION = YES;
				GCC_WARN_UNUSED_VARIABLE = YES;
				IPHONEOS_DEPLOYMENT_TARGET = 14.1;
				MTL_ENABLE_DEBUG_INFO = INCLUDE_SOURCE;
				MTL_FAST_MATH = YES;
				ONLY_ACTIVE_ARCH = YES;
				SDKROOT = iphoneos;
				SWIFT_ACTIVE_COMPILATION_CONDITIONS = DEBUG;
				SWIFT_OPTIMIZATION_LEVEL = "-Onone";
			};
			name = Debug;
		};
		187576D8268E625D00281469 /* Release */ = {
			isa = XCBuildConfiguration;
			buildSettings = {
				ALWAYS_SEARCH_USER_PATHS = NO;
				CLANG_ANALYZER_NONNULL = YES;
				CLANG_ANALYZER_NUMBER_OBJECT_CONVERSION = YES_AGGRESSIVE;
				CLANG_CXX_LANGUAGE_STANDARD = "gnu++14";
				CLANG_CXX_LIBRARY = "libc++";
				CLANG_ENABLE_MODULES = YES;
				CLANG_ENABLE_OBJC_ARC = YES;
				CLANG_ENABLE_OBJC_WEAK = YES;
				CLANG_WARN_BLOCK_CAPTURE_AUTORELEASING = YES;
				CLANG_WARN_BOOL_CONVERSION = YES;
				CLANG_WARN_COMMA = YES;
				CLANG_WARN_CONSTANT_CONVERSION = YES;
				CLANG_WARN_DEPRECATED_OBJC_IMPLEMENTATIONS = YES;
				CLANG_WARN_DIRECT_OBJC_ISA_USAGE = YES_ERROR;
				CLANG_WARN_DOCUMENTATION_COMMENTS = YES;
				CLANG_WARN_EMPTY_BODY = YES;
				CLANG_WARN_ENUM_CONVERSION = YES;
				CLANG_WARN_INFINITE_RECURSION = YES;
				CLANG_WARN_INT_CONVERSION = YES;
				CLANG_WARN_NON_LITERAL_NULL_CONVERSION = YES;
				CLANG_WARN_OBJC_IMPLICIT_RETAIN_SELF = YES;
				CLANG_WARN_OBJC_LITERAL_CONVERSION = YES;
				CLANG_WARN_OBJC_ROOT_CLASS = YES_ERROR;
				CLANG_WARN_QUOTED_INCLUDE_IN_FRAMEWORK_HEADER = YES;
				CLANG_WARN_RANGE_LOOP_ANALYSIS = YES;
				CLANG_WARN_STRICT_PROTOTYPES = YES;
				CLANG_WARN_SUSPICIOUS_MOVE = YES;
				CLANG_WARN_UNGUARDED_AVAILABILITY = YES_AGGRESSIVE;
				CLANG_WARN_UNREACHABLE_CODE = YES;
				CLANG_WARN__DUPLICATE_METHOD_MATCH = YES;
				COPY_PHASE_STRIP = NO;
				DEBUG_INFORMATION_FORMAT = "dwarf-with-dsym";
				ENABLE_NS_ASSERTIONS = NO;
				ENABLE_STRICT_OBJC_MSGSEND = YES;
				GCC_C_LANGUAGE_STANDARD = gnu11;
				GCC_NO_COMMON_BLOCKS = YES;
				GCC_WARN_64_TO_32_BIT_CONVERSION = YES;
				GCC_WARN_ABOUT_RETURN_TYPE = YES_ERROR;
				GCC_WARN_UNDECLARED_SELECTOR = YES;
				GCC_WARN_UNINITIALIZED_AUTOS = YES_AGGRESSIVE;
				GCC_WARN_UNUSED_FUNCTION = YES;
				GCC_WARN_UNUSED_VARIABLE = YES;
				IPHONEOS_DEPLOYMENT_TARGET = 14.1;
				MTL_ENABLE_DEBUG_INFO = NO;
				MTL_FAST_MATH = YES;
				SDKROOT = iphoneos;
				SWIFT_COMPILATION_MODE = wholemodule;
				SWIFT_OPTIMIZATION_LEVEL = "-O";
				VALIDATE_PRODUCT = YES;
			};
			name = Release;
		};
		187576DA268E625D00281469 /* Debug */ = {
			isa = XCBuildConfiguration;
			buildSettings = {
				ASSETCATALOG_COMPILER_APPICON_NAME = AppIcon;
				ASSETCATALOG_COMPILER_GLOBAL_ACCENT_COLOR_NAME = AccentColor;
				CODE_SIGN_STYLE = Automatic;
				INFOPLIST_FILE = MemoryGameApp/Info.plist;
				IPHONEOS_DEPLOYMENT_TARGET = 11.0;
				LD_RUNPATH_SEARCH_PATHS = (
					"$(inherited)",
					"@executable_path/Frameworks",
				);
				PRODUCT_BUNDLE_IDENTIFIER = com.rapidzz.MemoryGameApp;
				PRODUCT_NAME = "$(TARGET_NAME)";
				SWIFT_VERSION = 5.0;
				TARGETED_DEVICE_FAMILY = 1;
			};
			name = Debug;
		};
		187576DB268E625D00281469 /* Release */ = {
			isa = XCBuildConfiguration;
			buildSettings = {
				ASSETCATALOG_COMPILER_APPICON_NAME = AppIcon;
				ASSETCATALOG_COMPILER_GLOBAL_ACCENT_COLOR_NAME = AccentColor;
				CODE_SIGN_STYLE = Automatic;
				INFOPLIST_FILE = MemoryGameApp/Info.plist;
				IPHONEOS_DEPLOYMENT_TARGET = 11.0;
				LD_RUNPATH_SEARCH_PATHS = (
					"$(inherited)",
					"@executable_path/Frameworks",
				);
				PRODUCT_BUNDLE_IDENTIFIER = com.rapidzz.MemoryGameApp;
				PRODUCT_NAME = "$(TARGET_NAME)";
				SWIFT_VERSION = 5.0;
				TARGETED_DEVICE_FAMILY = 1;
			};
			name = Release;
		};
/* End XCBuildConfiguration section */

/* Begin XCConfigurationList section */
		187576C0268E625900281469 /* Build configuration list for PBXProject "MemoryGameApp" */ = {
			isa = XCConfigurationList;
			buildConfigurations = (
				187576D7268E625D00281469 /* Debug */,
				187576D8268E625D00281469 /* Release */,
			);
			defaultConfigurationIsVisible = 0;
			defaultConfigurationName = Release;
		};
		187576D9268E625D00281469 /* Build configuration list for PBXNativeTarget "MemoryGameApp" */ = {
			isa = XCConfigurationList;
			buildConfigurations = (
				187576DA268E625D00281469 /* Debug */,
				187576DB268E625D00281469 /* Release */,
			);
			defaultConfigurationIsVisible = 0;
			defaultConfigurationName = Release;
		};
/* End XCConfigurationList section */
	};
	rootObject = 187576BD268E625900281469 /* Project object */;
}
